// !$*UTF8*$!
{
	archiveVersion = 1;
	classes = {
	};
	objectVersion = 46;
	objects = {

/* Begin PBXBuildFile section */
		82980BA220448C200095FF11 /* main.m in Sources */ = {isa = PBXBuildFile; fileRef = 82980BA120448C200095FF11 /* main.m */; };
		82980BA520448C210095FF11 /* AppDelegate.m in Sources */ = {isa = PBXBuildFile; fileRef = 82980BA420448C210095FF11 /* AppDelegate.m */; };
		82980BA820448C210095FF11 /* ViewController.m in Sources */ = {isa = PBXBuildFile; fileRef = 82980BA720448C210095FF11 /* ViewController.m */; };
		82980BAB20448C210095FF11 /* Main.storyboard in Resources */ = {isa = PBXBuildFile; fileRef = 82980BA920448C210095FF11 /* Main.storyboard */; };
		82980BAE20448C210095FF11 /* Receipts.xcdatamodeld in Sources */ = {isa = PBXBuildFile; fileRef = 82980BAC20448C210095FF11 /* Receipts.xcdatamodeld */; };
		82980BB020448C210095FF11 /* Assets.xcassets in Resources */ = {isa = PBXBuildFile; fileRef = 82980BAF20448C210095FF11 /* Assets.xcassets */; };
		82980BB320448C210095FF11 /* LaunchScreen.storyboard in Resources */ = {isa = PBXBuildFile; fileRef = 82980BB120448C210095FF11 /* LaunchScreen.storyboard */; };
/* End PBXBuildFile section */

/* Begin PBXFileReference section */
		82980B9D20448C200095FF11 /* Receipts.app */ = {isa = PBXFileReference; explicitFileType = wrapper.application; includeInIndex = 0; path = Receipts.app; sourceTree = BUILT_PRODUCTS_DIR; };
		82980BA120448C200095FF11 /* main.m */ = {isa = PBXFileReference; lastKnownFileType = sourcecode.c.objc; path = main.m; sourceTree = "<group>"; };
		82980BA320448C200095FF11 /* AppDelegate.h */ = {isa = PBXFileReference; lastKnownFileType = sourcecode.c.h; path = AppDelegate.h; sourceTree = "<group>"; };
		82980BA420448C210095FF11 /* AppDelegate.m */ = {isa = PBXFileReference; lastKnownFileType = sourcecode.c.objc; path = AppDelegate.m; sourceTree = "<group>"; };
		82980BA620448C210095FF11 /* ViewController.h */ = {isa = PBXFileReference; lastKnownFileType = sourcecode.c.h; path = ViewController.h; sourceTree = "<group>"; };
		82980BA720448C210095FF11 /* ViewController.m */ = {isa = PBXFileReference; lastKnownFileType = sourcecode.c.objc; path = ViewController.m; sourceTree = "<group>"; };
		82980BAA20448C210095FF11 /* Base */ = {isa = PBXFileReference; lastKnownFileType = file.storyboard; name = Base; path = Base.lproj/Main.storyboard; sourceTree = "<group>"; };
		82980BAD20448C210095FF11 /* Receipts.xcdatamodel */ = {isa = PBXFileReference; lastKnownFileType = wrapper.xcdatamodel; path = Receipts.xcdatamodel; sourceTree = "<group>"; };
		82980BAF20448C210095FF11 /* Assets.xcassets */ = {isa = PBXFileReference; lastKnownFileType = folder.assetcatalog; path = Assets.xcassets; sourceTree = "<group>"; };
		82980BB220448C210095FF11 /* Base */ = {isa = PBXFileReference; lastKnownFileType = file.storyboard; name = Base; path = Base.lproj/LaunchScreen.storyboard; sourceTree = "<group>"; };
		82980BB420448C210095FF11 /* Info.plist */ = {isa = PBXFileReference; lastKnownFileType = text.plist.xml; path = Info.plist; sourceTree = "<group>"; };
/* End PBXFileReference section */

/* Begin PBXFrameworksBuildPhase section */
		82980B9A20448C200095FF11 /* Frameworks */ = {
			isa = PBXFrameworksBuildPhase;
			buildActionMask = 2147483647;
			files = (
			);
			runOnlyForDeploymentPostprocessing = 0;
		};
/* End PBXFrameworksBuildPhase section */

/* Begin PBXGroup section */
		82980B9420448C200095FF11 = {
			isa = PBXGroup;
			children = (
				82980B9F20448C200095FF11 /* Receipts */,
				82980B9E20448C200095FF11 /* Products */,
			);
			sourceTree = "<group>";
		};
		82980B9E20448C200095FF11 /* Products */ = {
			isa = PBXGroup;
			children = (
				82980B9D20448C200095FF11 /* Receipts.app */,
			);
			name = Products;
			sourceTree = "<group>";
		};
		82980B9F20448C200095FF11 /* Receipts */ = {
			isa = PBXGroup;
			children = (
				82980BA320448C200095FF11 /* AppDelegate.h */,
				82980BA420448C210095FF11 /* AppDelegate.m */,
				82980BA620448C210095FF11 /* ViewController.h */,
				82980BA720448C210095FF11 /* ViewController.m */,
				82980BA920448C210095FF11 /* Main.storyboard */,
				82980BAF20448C210095FF11 /* Assets.xcassets */,
				82980BB120448C210095FF11 /* LaunchScreen.storyboard */,
				82980BB420448C210095FF11 /* Info.plist */,
				82980BAC20448C210095FF11 /* Receipts.xcdatamodeld */,
				82980BA020448C200095FF11 /* Supporting Files */,
			);
			path = Receipts;
			sourceTree = "<group>";
		};
		82980BA020448C200095FF11 /* Supporting Files */ = {
			isa = PBXGroup;
			children = (
				82980BA120448C200095FF11 /* main.m */,
			);
			name = "Supporting Files";
			sourceTree = "<group>";
		};
/* End PBXGroup section */

/* Begin PBXNativeTarget section */
		82980B9C20448C200095FF11 /* Receipts */ = {
			isa = PBXNativeTarget;
			buildConfigurationList = 82980BB720448C210095FF11 /* Build configuration list for PBXNativeTarget "Receipts" */;
			buildPhases = (
				82980B9920448C200095FF11 /* Sources */,
				82980B9A20448C200095FF11 /* Frameworks */,
				82980B9B20448C200095FF11 /* Resources */,
			);
			buildRules = (
			);
			dependencies = (
			);
			name = Receipts;
			productName = Receipts;
			productReference = 82980B9D20448C200095FF11 /* Receipts.app */;
			productType = "com.apple.product-type.application";
		};
/* End PBXNativeTarget section */

/* Begin PBXProject section */
		82980B9520448C200095FF11 /* Project object */ = {
			isa = PBXProject;
			attributes = {
				LastUpgradeCheck = 0830;
				ORGANIZATIONNAME = appcat.com;
				TargetAttributes = {
					82980B9C20448C200095FF11 = {
						CreatedOnToolsVersion = 8.3.3;
						ProvisioningStyle = Automatic;
					};
				};
			};
			buildConfigurationList = 82980B9820448C200095FF11 /* Build configuration list for PBXProject "Receipts" */;
			compatibilityVersion = "Xcode 3.2";
			developmentRegion = English;
			hasScannedForEncodings = 0;
			knownRegions = (
				en,
				Base,
			);
			mainGroup = 82980B9420448C200095FF11;
			productRefGroup = 82980B9E20448C200095FF11 /* Products */;
			projectDirPath = "";
			projectRoot = "";
			targets = (
				82980B9C20448C200095FF11 /* Receipts */,
			);
		};
/* End PBXProject section */

/* Begin PBXResourcesBuildPhase section */
		82980B9B20448C200095FF11 /* Resources */ = {
			isa = PBXResourcesBuildPhase;
			buildActionMask = 2147483647;
			files = (
				82980BB320448C210095FF11 /* LaunchScreen.storyboard in Resources */,
				82980BB020448C210095FF11 /* Assets.xcassets in Resources */,
				82980BAB20448C210095FF11 /* Main.storyboard in Resources */,
			);
			runOnlyForDeploymentPostprocessing = 0;
		};
/* End PBXResourcesBuildPhase section */

/* Begin PBXSourcesBuildPhase section */
		82980B9920448C200095FF11 /* Sources */ = {
			isa = PBXSourcesBuildPhase;
			buildActionMask = 2147483647;
			files = (
				82980BAE20448C210095FF11 /* Receipts.xcdatamodeld in Sources */,
				82980BA820448C210095FF11 /* ViewController.m in Sources */,
				82980BA520448C210095FF11 /* AppDelegate.m in Sources */,
				82980BA220448C200095FF11 /* main.m in Sources */,
			);
			runOnlyForDeploymentPostprocessing = 0;
		};
/* End PBXSourcesBuildPhase section */

/* Begin PBXVariantGroup section */
		82980BA920448C210095FF11 /* Main.storyboard */ = {
			isa = PBXVariantGroup;
			children = (
				82980BAA20448C210095FF11 /* Base */,
			);
			name = Main.storyboard;
			sourceTree = "<group>";
		};
		82980BB120448C210095FF11 /* LaunchScreen.storyboard */ = {
			isa = PBXVariantGroup;
			children = (
				82980BB220448C210095FF11 /* Base */,
			);
			name = LaunchScreen.storyboard;
			sourceTree = "<group>";
		};
/* End PBXVariantGroup section */

/* Begin XCBuildConfiguration section */
		82980BB520448C210095FF11 /* Debug */ = {
			isa = XCBuildConfiguration;
			buildSettings = {
				ALWAYS_SEARCH_USER_PATHS = NO;
				CLANG_ANALYZER_NONNULL = YES;
				CLANG_ANALYZER_NUMBER_OBJECT_CONVERSION = YES_AGGRESSIVE;
				CLANG_CXX_LANGUAGE_STANDARD = "gnu++0x";
				CLANG_CXX_LIBRARY = "libc++";
				CLANG_ENABLE_MODULES = YES;
				CLANG_ENABLE_OBJC_ARC = YES;
				CLANG_WARN_BOOL_CONVERSION = YES;
				CLANG_WARN_CONSTANT_CONVERSION = YES;
				CLANG_WARN_DIRECT_OBJC_ISA_USAGE = YES_ERROR;
				CLANG_WARN_DOCUMENTATION_COMMENTS = YES;
				CLANG_WARN_EMPTY_BODY = YES;
				CLANG_WARN_ENUM_CONVERSION = YES;
				CLANG_WARN_INFINITE_RECURSION = YES;
				CLANG_WARN_INT_CONVERSION = YES;
				CLANG_WARN_OBJC_ROOT_CLASS = YES_ERROR;
				CLANG_WARN_SUSPICIOUS_MOVE = YES;
				CLANG_WARN_UNREACHABLE_CODE = YES;
				CLANG_WARN__DUPLICATE_METHOD_MATCH = YES;
				"CODE_SIGN_IDENTITY[sdk=iphoneos*]" = "iPhone Developer";
				COPY_PHASE_STRIP = NO;
				DEBUG_INFORMATION_FORMAT = dwarf;
				ENABLE_STRICT_OBJC_MSGSEND = YES;
				ENABLE_TESTABILITY = YES;
				GCC_C_LANGUAGE_STANDARD = gnu99;
				GCC_DYNAMIC_NO_PIC = NO;
				GCC_NO_COMMON_BLOCKS = YES;
				GCC_OPTIMIZATION_LEVEL = 0;
				GCC_PREPROCESSOR_DEFINITIONS = (
					"DEBUG=1",
					"$(inherited)",
				);
				GCC_WARN_64_TO_32_BIT_CONVERSION = YES;
				GCC_WARN_ABOUT_RETURN_TYPE = YES_ERROR;
				GCC_WARN_UNDECLARED_SELECTOR = YES;
				GCC_WARN_UNINITIALIZED_AUTOS = YES_AGGRESSIVE;
				GCC_WARN_UNUSED_FUNCTION = YES;
				GCC_WARN_UNUSED_VARIABLE = YES;
				IPHONEOS_DEPLOYMENT_TARGET = 10.3;
				MTL_ENABLE_DEBUG_INFO = YES;
				ONLY_ACTIVE_ARCH = YES;
				SDKROOT = iphoneos;
			};
			name = Debug;
		};
		82980BB620448C210095FF11 /* Release */ = {
			isa = XCBuildConfiguration;
			buildSettings = {
				ALWAYS_SEARCH_USER_PATHS = NO;
				CLANG_ANALYZER_NONNULL = YES;
				CLANG_ANALYZER_NUMBER_OBJECT_CONVERSION = YES_AGGRESSIVE;
				CLANG_CXX_LANGUAGE_STANDARD = "gnu++0x";
				CLANG_CXX_LIBRARY = "libc++";
				CLANG_ENABLE_MODULES = YES;
				CLANG_ENABLE_OBJC_ARC = YES;
				CLANG_WARN_BOOL_CONVERSION = YES;
				CLANG_WARN_CONSTANT_CONVERSION = YES;
				CLANG_WARN_DIRECT_OBJC_ISA_USAGE = YES_ERROR;
				CLANG_WARN_DOCUMENTATION_COMMENTS = YES;
				CLANG_WARN_EMPTY_BODY = YES;
				CLANG_WARN_ENUM_CONVERSION = YES;
				CLANG_WARN_INFINITE_RECURSION = YES;
				CLANG_WARN_INT_CONVERSION = YES;
				CLANG_WARN_OBJC_ROOT_CLASS = YES_ERROR;
				CLANG_WARN_SUSPICIOUS_MOVE = YES;
				CLANG_WARN_UNREACHABLE_CODE = YES;
				CLANG_WARN__DUPLICATE_METHOD_MATCH = YES;
				"CODE_SIGN_IDENTITY[sdk=iphoneos*]" = "iPhone Developer";
				COPY_PHASE_STRIP = NO;
				DEBUG_INFORMATION_FORMAT = "dwarf-with-dsym";
				ENABLE_NS_ASSERTIONS = NO;
				ENABLE_STRICT_OBJC_MSGSEND = YES;
				GCC_C_LANGUAGE_STANDARD = gnu99;
				GCC_NO_COMMON_BLOCKS = YES;
				GCC_WARN_64_TO_32_BIT_CONVERSION = YES;
				GCC_WARN_ABOUT_RETURN_TYPE = YES_ERROR;
				GCC_WARN_UNDECLARED_SELECTOR = YES;
				GCC_WARN_UNINITIALIZED_AUTOS = YES_AGGRESSIVE;
				GCC_WARN_UNUSED_FUNCTION = YES;
				GCC_WARN_UNUSED_VARIABLE = YES;
				IPHONEOS_DEPLOYMENT_TARGET = 10.3;
				MTL_ENABLE_DEBUG_INFO = NO;
				SDKROOT = iphoneos;
				VALIDATE_PRODUCT = YES;
			};
			name = Release;
		};
		82980BB820448C210095FF11 /* Debug */ = {
			isa = XCBuildConfiguration;
			buildSettings = {
				ASSETCATALOG_COMPILER_APPICON_NAME = AppIcon;
				INFOPLIST_FILE = Receipts/Info.plist;
				LD_RUNPATH_SEARCH_PATHS = "$(inherited) @executable_path/Frameworks";
				PRODUCT_BUNDLE_IDENTIFIER = com.appcat.Receipts;
				PRODUCT_NAME = "$(TARGET_NAME)";
			};
			name = Debug;
		};
		82980BB920448C210095FF11 /* Release */ = {
			isa = XCBuildConfiguration;
			buildSettings = {
				ASSETCATALOG_COMPILER_APPICON_NAME = AppIcon;
				INFOPLIST_FILE = Receipts/Info.plist;
				LD_RUNPATH_SEARCH_PATHS = "$(inherited) @executable_path/Frameworks";
				PRODUCT_BUNDLE_IDENTIFIER = com.appcat.Receipts;
				PRODUCT_NAME = "$(TARGET_NAME)";
			};
			name = Release;
		};
/* End XCBuildConfiguration section */

/* Begin XCConfigurationList section */
		82980B9820448C200095FF11 /* Build configuration list for PBXProject "Receipts" */ = {
			isa = XCConfigurationList;
			buildConfigurations = (
				82980BB520448C210095FF11 /* Debug */,
				82980BB620448C210095FF11 /* Release */,
			);
			defaultConfigurationIsVisible = 0;
			defaultConfigurationName = Release;
		};
		82980BB720448C210095FF11 /* Build configuration list for PBXNativeTarget "Receipts" */ = {
			isa = XCConfigurationList;
			buildConfigurations = (
				82980BB820448C210095FF11 /* Debug */,
				82980BB920448C210095FF11 /* Release */,
			);
			defaultConfigurationIsVisible = 0;
		};
/* End XCConfigurationList section */

/* Begin XCVersionGroup section */
		82980BAC20448C210095FF11 /* Receipts.xcdatamodeld */ = {
			isa = XCVersionGroup;
			children = (
				82980BAD20448C210095FF11 /* Receipts.xcdatamodel */,
			);
			currentVersion = 82980BAD20448C210095FF11 /* Receipts.xcdatamodel */;
			path = Receipts.xcdatamodeld;
			sourceTree = "<group>";
			versionGroupType = wrapper.xcdatamodel;
		};
/* End XCVersionGroup section */
	};
	rootObject = 82980B9520448C200095FF11 /* Project object */;
}
